github.com/Jeffail/gabs v1.1.1 h1:V0uzR08Hj22EX8+8QMhyI9sX2hwRu+/RJhJUmnwda/E=
github.com/Jeffail/gabs v1.1.1/go.mod h1:6xMvQMK4k33lb7GUUpaAPh6nKMmemQeg5d4gn7/bOXc=
github.com/alranel/go-vcsurl v0.0.0-20190629140424-48c90269973e h1:AuE78FDVAfO8KIeJlHq4fZ+EQgiyjSafP8kd7waBWAQ=
github.com/alranel/go-vcsurl v0.0.0-20190629140424-48c90269973e/go.mod h1:tp+e312yiwgu8H4/Ly26J8MevK9lz7BucU4PPlEv0ag=
github.com/davecgh/go-spew v1.1.0 h1:ZDRjVQ15GmhC3fiQ8ni8+OwkZQO4DARzQgrnXU1Liz8=
github.com/davecgh/go-spew v1.1.0/go.mod h1:J7Y8YcW2NihsgmVo/mv3lAwl/skON4iLHjSsI+c5H38=
github.com/dyatlov/go-oembed v0.0.0-20180429203341-4bc5ab7a42e9 h1:cdw1dgA549x0tZR5zM5bjobQXFFShOsozUbzWZgmd30=
github.com/dyatlov/go-oembed v0.0.0-20180429203341-4bc5ab7a42e9/go.mod h1:3XylPVY2YGcV9RQBie0DspVncA1nsgsYQ8BtIs52fz4=
github.com/pmezard/go-difflib v1.0.0 h1:4DBwDE0NGyQoBHbLQYPwSUPoCMWR5BEzIk/f1lZbAQM=
github.com/pmezard/go-difflib v1.0.0/go.mod h1:iKH77koFhYxTK1pcRnkKkqfTogsbg7gZNVY4sRDYZ/4=
github.com/r3vit/go-spdx v0.0.0-20180531140640-34a46ab144b1 h1:MfNJpWm6kIotD9VVRTmJAf7PsWZYQvrsGJpPL1kRV/Y=
github.com/r3vit/go-spdx v0.0.0-20180531140640-34a46ab144b1/go.mod h1:4UMsmwV0XVOC+SAL+YUHQEPHR2Mv9hvWufXiGO3vjtA=
github.com/stretchr/objx v0.1.0/go.mod h1:HFkY916IF+rwdDfMAkV7OtwuqBVzrE8GR6GFx+wExME=
github.com/stretchr/testify v1.3.0 h1:TivCn/peBQ7UY8ooIcPgZFpTNSz0Q2U6UrFlUfqbe0Q=
github.com/stretchr/testify v1.3.0/go.mod h1:M5WIy9Dh21IEIfnGCwXGc5bZfKNJtfHm1UVUgZn+9EI=
github.com/thoas/go-funk v0.0.0-20181020164546-fbae87fb5b5c h1:3sFKuGerP3mGyXo7gDR1dGQ6GdIrI8s5KWmct0R5J6A=
github.com/thoas/go-funk v0.0.0-20181020164546-fbae87fb5b5c/go.mod h1:mlR+dHGb+4YgXkf13rkQTuzrneeHANxOm6+ZnEV9HsA=
golang.org/x/text v0.3.0 h1:g61tztE5qeGQ89tm6NTjjM9VPIm088od1l6aSorWRWg=
golang.org/x/text v0.3.0/go.mod h1:NqM8EUOU14njkJ3fqMW+pc6Ldnwhi/IjpwHt7yyuwOQ=
gopkg.in/check.v1 v0.0.0-20161208181325-20d25e280405 h1:yhCVgyC4o1eVCa2tZl7eS0r+SDo693bJlVdllGtEeKM=
gopkg.in/check.v1 v0.0.0-20161208181325-20d25e280405/go.mod h1:Co6ibVJAznAaIkqp8huTwlJQCZ016jof/cbN4VW5Yz0=
gopkg.in/yaml.v2 v2.2.2 h1:ZCJp+EgiOT7lHqUV2J862kp8Qj64Jo6az82+3Td9dZw=
gopkg.in/yaml.v2 v2.2.2/go.mod h1:hI93XBmqTisBFMUTm0b8Fm+jr3Dg1NNxqwp+5A1VGuI=
